// !$*UTF8*$!
{
	archiveVersion = 1;
	classes = {
	};
	objectVersion = 50;
	objects = {

/* Begin PBXBuildFile section */
		FED52CFB24E1BE5A00C5606B /* AppDelegate.swift in Sources */ = {isa = PBXBuildFile; fileRef = FED52CFA24E1BE5A00C5606B /* AppDelegate.swift */; };
		FED52CFD24E1BE5A00C5606B /* ViewController.swift in Sources */ = {isa = PBXBuildFile; fileRef = FED52CFC24E1BE5A00C5606B /* ViewController.swift */; };
		FED52D0024E1BE5A00C5606B /* Main.storyboard in Resources */ = {isa = PBXBuildFile; fileRef = FED52CFE24E1BE5A00C5606B /* Main.storyboard */; };
		FED52D0324E1BE5A00C5606B /* MemeEditor.xcdatamodeld in Sources */ = {isa = PBXBuildFile; fileRef = FED52D0124E1BE5A00C5606B /* MemeEditor.xcdatamodeld */; };
		FED52D0524E1BE5B00C5606B /* Assets.xcassets in Resources */ = {isa = PBXBuildFile; fileRef = FED52D0424E1BE5B00C5606B /* Assets.xcassets */; };
		FED52D0824E1BE5B00C5606B /* LaunchScreen.storyboard in Resources */ = {isa = PBXBuildFile; fileRef = FED52D0624E1BE5B00C5606B /* LaunchScreen.storyboard */; };
		FED52D1324E1BE5C00C5606B /* MemeEditorTests.swift in Sources */ = {isa = PBXBuildFile; fileRef = FED52D1224E1BE5C00C5606B /* MemeEditorTests.swift */; };
		FED52D1E24E1BE5C00C5606B /* MemeEditorUITests.swift in Sources */ = {isa = PBXBuildFile; fileRef = FED52D1D24E1BE5C00C5606B /* MemeEditorUITests.swift */; };
		FED52D2C24E3289F00C5606B /* AlertService.swift in Sources */ = {isa = PBXBuildFile; fileRef = FED52D2B24E3289F00C5606B /* AlertService.swift */; };
/* End PBXBuildFile section */

/* Begin PBXContainerItemProxy section */
		FED52D0F24E1BE5C00C5606B /* PBXContainerItemProxy */ = {
			isa = PBXContainerItemProxy;
			containerPortal = FED52CEF24E1BE5A00C5606B /* Project object */;
			proxyType = 1;
			remoteGlobalIDString = FED52CF624E1BE5A00C5606B;
			remoteInfo = MemeEditor;
		};
		FED52D1A24E1BE5C00C5606B /* PBXContainerItemProxy */ = {
			isa = PBXContainerItemProxy;
			containerPortal = FED52CEF24E1BE5A00C5606B /* Project object */;
			proxyType = 1;
			remoteGlobalIDString = FED52CF624E1BE5A00C5606B;
			remoteInfo = MemeEditor;
		};
/* End PBXContainerItemProxy section */

/* Begin PBXFileReference section */
		FED52CF724E1BE5A00C5606B /* MemeEditor.app */ = {isa = PBXFileReference; explicitFileType = wrapper.application; includeInIndex = 0; path = MemeEditor.app; sourceTree = BUILT_PRODUCTS_DIR; };
		FED52CFA24E1BE5A00C5606B /* AppDelegate.swift */ = {isa = PBXFileReference; lastKnownFileType = sourcecode.swift; path = AppDelegate.swift; sourceTree = "<group>"; };
		FED52CFC24E1BE5A00C5606B /* ViewController.swift */ = {isa = PBXFileReference; lastKnownFileType = sourcecode.swift; path = ViewController.swift; sourceTree = "<group>"; };
		FED52CFF24E1BE5A00C5606B /* Base */ = {isa = PBXFileReference; lastKnownFileType = file.storyboard; name = Base; path = Base.lproj/Main.storyboard; sourceTree = "<group>"; };
		FED52D0224E1BE5A00C5606B /* MemeEditor.xcdatamodel */ = {isa = PBXFileReference; lastKnownFileType = wrapper.xcdatamodel; path = MemeEditor.xcdatamodel; sourceTree = "<group>"; };
		FED52D0424E1BE5B00C5606B /* Assets.xcassets */ = {isa = PBXFileReference; lastKnownFileType = folder.assetcatalog; path = Assets.xcassets; sourceTree = "<group>"; };
		FED52D0724E1BE5B00C5606B /* Base */ = {isa = PBXFileReference; lastKnownFileType = file.storyboard; name = Base; path = Base.lproj/LaunchScreen.storyboard; sourceTree = "<group>"; };
		FED52D0924E1BE5B00C5606B /* Info.plist */ = {isa = PBXFileReference; lastKnownFileType = text.plist.xml; path = Info.plist; sourceTree = "<group>"; };
		FED52D0E24E1BE5C00C5606B /* MemeEditorTests.xctest */ = {isa = PBXFileReference; explicitFileType = wrapper.cfbundle; includeInIndex = 0; path = MemeEditorTests.xctest; sourceTree = BUILT_PRODUCTS_DIR; };
		FED52D1224E1BE5C00C5606B /* MemeEditorTests.swift */ = {isa = PBXFileReference; lastKnownFileType = sourcecode.swift; path = MemeEditorTests.swift; sourceTree = "<group>"; };
		FED52D1424E1BE5C00C5606B /* Info.plist */ = {isa = PBXFileReference; lastKnownFileType = text.plist.xml; path = Info.plist; sourceTree = "<group>"; };
		FED52D1924E1BE5C00C5606B /* MemeEditorUITests.xctest */ = {isa = PBXFileReference; explicitFileType = wrapper.cfbundle; includeInIndex = 0; path = MemeEditorUITests.xctest; sourceTree = BUILT_PRODUCTS_DIR; };
		FED52D1D24E1BE5C00C5606B /* MemeEditorUITests.swift */ = {isa = PBXFileReference; lastKnownFileType = sourcecode.swift; path = MemeEditorUITests.swift; sourceTree = "<group>"; };
		FED52D1F24E1BE5C00C5606B /* Info.plist */ = {isa = PBXFileReference; lastKnownFileType = text.plist.xml; path = Info.plist; sourceTree = "<group>"; };
		FED52D2B24E3289F00C5606B /* AlertService.swift */ = {isa = PBXFileReference; lastKnownFileType = sourcecode.swift; path = AlertService.swift; sourceTree = "<group>"; };
/* End PBXFileReference section */

/* Begin PBXFrameworksBuildPhase section */
		FED52CF424E1BE5A00C5606B /* Frameworks */ = {
			isa = PBXFrameworksBuildPhase;
			buildActionMask = 2147483647;
			files = (
			);
			runOnlyForDeploymentPostprocessing = 0;
		};
		FED52D0B24E1BE5C00C5606B /* Frameworks */ = {
			isa = PBXFrameworksBuildPhase;
			buildActionMask = 2147483647;
			files = (
			);
			runOnlyForDeploymentPostprocessing = 0;
		};
		FED52D1624E1BE5C00C5606B /* Frameworks */ = {
			isa = PBXFrameworksBuildPhase;
			buildActionMask = 2147483647;
			files = (
			);
			runOnlyForDeploymentPostprocessing = 0;
		};
/* End PBXFrameworksBuildPhase section */

/* Begin PBXGroup section */
		FED52CEE24E1BE5A00C5606B = {
			isa = PBXGroup;
			children = (
				FED52CF924E1BE5A00C5606B /* MemeEditor */,
				FED52D1124E1BE5C00C5606B /* MemeEditorTests */,
				FED52D1C24E1BE5C00C5606B /* MemeEditorUITests */,
				FED52CF824E1BE5A00C5606B /* Products */,
			);
			sourceTree = "<group>";
		};
		FED52CF824E1BE5A00C5606B /* Products */ = {
			isa = PBXGroup;
			children = (
				FED52CF724E1BE5A00C5606B /* MemeEditor.app */,
				FED52D0E24E1BE5C00C5606B /* MemeEditorTests.xctest */,
				FED52D1924E1BE5C00C5606B /* MemeEditorUITests.xctest */,
			);
			name = Products;
			sourceTree = "<group>";
		};
		FED52CF924E1BE5A00C5606B /* MemeEditor */ = {
			isa = PBXGroup;
			children = (
				FED52CFA24E1BE5A00C5606B /* AppDelegate.swift */,
				FED52CFC24E1BE5A00C5606B /* ViewController.swift */,
				FED52CFE24E1BE5A00C5606B /* Main.storyboard */,
				FED52D0424E1BE5B00C5606B /* Assets.xcassets */,
				FED52D0624E1BE5B00C5606B /* LaunchScreen.storyboard */,
				FED52D0924E1BE5B00C5606B /* Info.plist */,
				FED52D0124E1BE5A00C5606B /* MemeEditor.xcdatamodeld */,
				FED52D2B24E3289F00C5606B /* AlertService.swift */,
			);
			path = MemeEditor;
			sourceTree = "<group>";
		};
		FED52D1124E1BE5C00C5606B /* MemeEditorTests */ = {
			isa = PBXGroup;
			children = (
				FED52D1224E1BE5C00C5606B /* MemeEditorTests.swift */,
				FED52D1424E1BE5C00C5606B /* Info.plist */,
			);
			path = MemeEditorTests;
			sourceTree = "<group>";
		};
		FED52D1C24E1BE5C00C5606B /* MemeEditorUITests */ = {
			isa = PBXGroup;
			children = (
				FED52D1D24E1BE5C00C5606B /* MemeEditorUITests.swift */,
				FED52D1F24E1BE5C00C5606B /* Info.plist */,
			);
			path = MemeEditorUITests;
			sourceTree = "<group>";
		};
/* End PBXGroup section */

/* Begin PBXNativeTarget section */
		FED52CF624E1BE5A00C5606B /* MemeEditor */ = {
			isa = PBXNativeTarget;
			buildConfigurationList = FED52D2224E1BE5C00C5606B /* Build configuration list for PBXNativeTarget "MemeEditor" */;
			buildPhases = (
				FED52CF324E1BE5A00C5606B /* Sources */,
				FED52CF424E1BE5A00C5606B /* Frameworks */,
				FED52CF524E1BE5A00C5606B /* Resources */,
			);
			buildRules = (
			);
			dependencies = (
			);
			name = MemeEditor;
			productName = MemeEditor;
			productReference = FED52CF724E1BE5A00C5606B /* MemeEditor.app */;
			productType = "com.apple.product-type.application";
		};
		FED52D0D24E1BE5C00C5606B /* MemeEditorTests */ = {
			isa = PBXNativeTarget;
			buildConfigurationList = FED52D2524E1BE5C00C5606B /* Build configuration list for PBXNativeTarget "MemeEditorTests" */;
			buildPhases = (
				FED52D0A24E1BE5C00C5606B /* Sources */,
				FED52D0B24E1BE5C00C5606B /* Frameworks */,
				FED52D0C24E1BE5C00C5606B /* Resources */,
			);
			buildRules = (
			);
			dependencies = (
				FED52D1024E1BE5C00C5606B /* PBXTargetDependency */,
			);
			name = MemeEditorTests;
			productName = MemeEditorTests;
			productReference = FED52D0E24E1BE5C00C5606B /* MemeEditorTests.xctest */;
			productType = "com.apple.product-type.bundle.unit-test";
		};
		FED52D1824E1BE5C00C5606B /* MemeEditorUITests */ = {
			isa = PBXNativeTarget;
			buildConfigurationList = FED52D2824E1BE5C00C5606B /* Build configuration list for PBXNativeTarget "MemeEditorUITests" */;
			buildPhases = (
				FED52D1524E1BE5C00C5606B /* Sources */,
				FED52D1624E1BE5C00C5606B /* Frameworks */,
				FED52D1724E1BE5C00C5606B /* Resources */,
			);
			buildRules = (
			);
			dependencies = (
				FED52D1B24E1BE5C00C5606B /* PBXTargetDependency */,
			);
			name = MemeEditorUITests;
			productName = MemeEditorUITests;
			productReference = FED52D1924E1BE5C00C5606B /* MemeEditorUITests.xctest */;
			productType = "com.apple.product-type.bundle.ui-testing";
		};
/* End PBXNativeTarget section */

/* Begin PBXProject section */
		FED52CEF24E1BE5A00C5606B /* Project object */ = {
			isa = PBXProject;
			attributes = {
				LastSwiftUpdateCheck = 1010;
				LastUpgradeCheck = 1010;
				ORGANIZATIONNAME = Udacity;
				TargetAttributes = {
					FED52CF624E1BE5A00C5606B = {
						CreatedOnToolsVersion = 10.1;
					};
					FED52D0D24E1BE5C00C5606B = {
						CreatedOnToolsVersion = 10.1;
						TestTargetID = FED52CF624E1BE5A00C5606B;
					};
					FED52D1824E1BE5C00C5606B = {
						CreatedOnToolsVersion = 10.1;
						TestTargetID = FED52CF624E1BE5A00C5606B;
					};
				};
			};
			buildConfigurationList = FED52CF224E1BE5A00C5606B /* Build configuration list for PBXProject "MemeEditor" */;
			compatibilityVersion = "Xcode 9.3";
			developmentRegion = en;
			hasScannedForEncodings = 0;
			knownRegions = (
				en,
				Base,
			);
			mainGroup = FED52CEE24E1BE5A00C5606B;
			productRefGroup = FED52CF824E1BE5A00C5606B /* Products */;
			projectDirPath = "";
			projectRoot = "";
			targets = (
				FED52CF624E1BE5A00C5606B /* MemeEditor */,
				FED52D0D24E1BE5C00C5606B /* MemeEditorTests */,
				FED52D1824E1BE5C00C5606B /* MemeEditorUITests */,
			);
		};
/* End PBXProject section */

/* Begin PBXResourcesBuildPhase section */
		FED52CF524E1BE5A00C5606B /* Resources */ = {
			isa = PBXResourcesBuildPhase;
			buildActionMask = 2147483647;
			files = (
				FED52D0824E1BE5B00C5606B /* LaunchScreen.storyboard in Resources */,
				FED52D0524E1BE5B00C5606B /* Assets.xcassets in Resources */,
				FED52D0024E1BE5A00C5606B /* Main.storyboard in Resources */,
			);
			runOnlyForDeploymentPostprocessing = 0;
		};
		FED52D0C24E1BE5C00C5606B /* Resources */ = {
			isa = PBXResourcesBuildPhase;
			buildActionMask = 2147483647;
			files = (
			);
			runOnlyForDeploymentPostprocessing = 0;
		};
		FED52D1724E1BE5C00C5606B /* Resources */ = {
			isa = PBXResourcesBuildPhase;
			buildActionMask = 2147483647;
			files = (
			);
			runOnlyForDeploymentPostprocessing = 0;
		};
/* End PBXResourcesBuildPhase section */

/* Begin PBXSourcesBuildPhase section */
		FED52CF324E1BE5A00C5606B /* Sources */ = {
			isa = PBXSourcesBuildPhase;
			buildActionMask = 2147483647;
			files = (
				FED52CFD24E1BE5A00C5606B /* ViewController.swift in Sources */,
				FED52D0324E1BE5A00C5606B /* MemeEditor.xcdatamodeld in Sources */,
				FED52D2C24E3289F00C5606B /* AlertService.swift in Sources */,
				FED52CFB24E1BE5A00C5606B /* AppDelegate.swift in Sources */,
			);
			runOnlyForDeploymentPostprocessing = 0;
		};
		FED52D0A24E1BE5C00C5606B /* Sources */ = {
			isa = PBXSourcesBuildPhase;
			buildActionMask = 2147483647;
			files = (
				FED52D1324E1BE5C00C5606B /* MemeEditorTests.swift in Sources */,
			);
			runOnlyForDeploymentPostprocessing = 0;
		};
		FED52D1524E1BE5C00C5606B /* Sources */ = {
			isa = PBXSourcesBuildPhase;
			buildActionMask = 2147483647;
			files = (
				FED52D1E24E1BE5C00C5606B /* MemeEditorUITests.swift in Sources */,
			);
			runOnlyForDeploymentPostprocessing = 0;
		};
/* End PBXSourcesBuildPhase section */

/* Begin PBXTargetDependency section */
		FED52D1024E1BE5C00C5606B /* PBXTargetDependency */ = {
			isa = PBXTargetDependency;
			target = FED52CF624E1BE5A00C5606B /* MemeEditor */;
			targetProxy = FED52D0F24E1BE5C00C5606B /* PBXContainerItemProxy */;
		};
		FED52D1B24E1BE5C00C5606B /* PBXTargetDependency */ = {
			isa = PBXTargetDependency;
			target = FED52CF624E1BE5A00C5606B /* MemeEditor */;
			targetProxy = FED52D1A24E1BE5C00C5606B /* PBXContainerItemProxy */;
		};
/* End PBXTargetDependency section */

/* Begin PBXVariantGroup section */
		FED52CFE24E1BE5A00C5606B /* Main.storyboard */ = {
			isa = PBXVariantGroup;
			children = (
				FED52CFF24E1BE5A00C5606B /* Base */,
			);
			name = Main.storyboard;
			sourceTree = "<group>";
		};
		FED52D0624E1BE5B00C5606B /* LaunchScreen.storyboard */ = {
			isa = PBXVariantGroup;
			children = (
				FED52D0724E1BE5B00C5606B /* Base */,
			);
			name = LaunchScreen.storyboard;
			sourceTree = "<group>";
		};
/* End PBXVariantGroup section */

/* Begin XCBuildConfiguration section */
		FED52D2024E1BE5C00C5606B /* Debug */ = {
			isa = XCBuildConfiguration;
			buildSettings = {
				ALWAYS_SEARCH_USER_PATHS = NO;
				CLANG_ANALYZER_NONNULL = YES;
				CLANG_ANALYZER_NUMBER_OBJECT_CONVERSION = YES_AGGRESSIVE;
				CLANG_CXX_LANGUAGE_STANDARD = "gnu++14";
				CLANG_CXX_LIBRARY = "libc++";
				CLANG_ENABLE_MODULES = YES;
				CLANG_ENABLE_OBJC_ARC = YES;
				CLANG_ENABLE_OBJC_WEAK = YES;
				CLANG_WARN_BLOCK_CAPTURE_AUTORELEASING = YES;
				CLANG_WARN_BOOL_CONVERSION = YES;
				CLANG_WARN_COMMA = YES;
				CLANG_WARN_CONSTANT_CONVERSION = YES;
				CLANG_WARN_DEPRECATED_OBJC_IMPLEMENTATIONS = YES;
				CLANG_WARN_DIRECT_OBJC_ISA_USAGE = YES_ERROR;
				CLANG_WARN_DOCUMENTATION_COMMENTS = YES;
				CLANG_WARN_EMPTY_BODY = YES;
				CLANG_WARN_ENUM_CONVERSION = YES;
				CLANG_WARN_INFINITE_RECURSION = YES;
				CLANG_WARN_INT_CONVERSION = YES;
				CLANG_WARN_NON_LITERAL_NULL_CONVERSION = YES;
				CLANG_WARN_OBJC_IMPLICIT_RETAIN_SELF = YES;
				CLANG_WARN_OBJC_LITERAL_CONVERSION = YES;
				CLANG_WARN_OBJC_ROOT_CLASS = YES_ERROR;
				CLANG_WARN_RANGE_LOOP_ANALYSIS = YES;
				CLANG_WARN_STRICT_PROTOTYPES = YES;
				CLANG_WARN_SUSPICIOUS_MOVE = YES;
				CLANG_WARN_UNGUARDED_AVAILABILITY = YES_AGGRESSIVE;
				CLANG_WARN_UNREACHABLE_CODE = YES;
				CLANG_WARN__DUPLICATE_METHOD_MATCH = YES;
				CODE_SIGN_IDENTITY = "iPhone Developer";
				COPY_PHASE_STRIP = NO;
				DEBUG_INFORMATION_FORMAT = dwarf;
				ENABLE_STRICT_OBJC_MSGSEND = YES;
				ENABLE_TESTABILITY = YES;
				GCC_C_LANGUAGE_STANDARD = gnu11;
				GCC_DYNAMIC_NO_PIC = NO;
				GCC_NO_COMMON_BLOCKS = YES;
				GCC_OPTIMIZATION_LEVEL = 0;
				GCC_PREPROCESSOR_DEFINITIONS = (
					"DEBUG=1",
					"$(inherited)",
				);
				GCC_WARN_64_TO_32_BIT_CONVERSION = YES;
				GCC_WARN_ABOUT_RETURN_TYPE = YES_ERROR;
				GCC_WARN_UNDECLARED_SELECTOR = YES;
				GCC_WARN_UNINITIALIZED_AUTOS = YES_AGGRESSIVE;
				GCC_WARN_UNUSED_FUNCTION = YES;
				GCC_WARN_UNUSED_VARIABLE = YES;
				IPHONEOS_DEPLOYMENT_TARGET = 12.1;
				MTL_ENABLE_DEBUG_INFO = INCLUDE_SOURCE;
				MTL_FAST_MATH = YES;
				ONLY_ACTIVE_ARCH = YES;
				SDKROOT = iphoneos;
				SWIFT_ACTIVE_COMPILATION_CONDITIONS = DEBUG;
				SWIFT_OPTIMIZATION_LEVEL = "-Onone";
			};
			name = Debug;
		};
		FED52D2124E1BE5C00C5606B /* Release */ = {
			isa = XCBuildConfiguration;
			buildSettings = {
				ALWAYS_SEARCH_USER_PATHS = NO;
				CLANG_ANALYZER_NONNULL = YES;
				CLANG_ANALYZER_NUMBER_OBJECT_CONVERSION = YES_AGGRESSIVE;
				CLANG_CXX_LANGUAGE_STANDARD = "gnu++14";
				CLANG_CXX_LIBRARY = "libc++";
				CLANG_ENABLE_MODULES = YES;
				CLANG_ENABLE_OBJC_ARC = YES;
				CLANG_ENABLE_OBJC_WEAK = YES;
				CLANG_WARN_BLOCK_CAPTURE_AUTORELEASING = YES;
				CLANG_WARN_BOOL_CONVERSION = YES;
				CLANG_WARN_COMMA = YES;
				CLANG_WARN_CONSTANT_CONVERSION = YES;
				CLANG_WARN_DEPRECATED_OBJC_IMPLEMENTATIONS = YES;
				CLANG_WARN_DIRECT_OBJC_ISA_USAGE = YES_ERROR;
				CLANG_WARN_DOCUMENTATION_COMMENTS = YES;
				CLANG_WARN_EMPTY_BODY = YES;
				CLANG_WARN_ENUM_CONVERSION = YES;
				CLANG_WARN_INFINITE_RECURSION = YES;
				CLANG_WARN_INT_CONVERSION = YES;
				CLANG_WARN_NON_LITERAL_NULL_CONVERSION = YES;
				CLANG_WARN_OBJC_IMPLICIT_RETAIN_SELF = YES;
				CLANG_WARN_OBJC_LITERAL_CONVERSION = YES;
				CLANG_WARN_OBJC_ROOT_CLASS = YES_ERROR;
				CLANG_WARN_RANGE_LOOP_ANALYSIS = YES;
				CLANG_WARN_STRICT_PROTOTYPES = YES;
				CLANG_WARN_SUSPICIOUS_MOVE = YES;
				CLANG_WARN_UNGUARDED_AVAILABILITY = YES_AGGRESSIVE;
				CLANG_WARN_UNREACHABLE_CODE = YES;
				CLANG_WARN__DUPLICATE_METHOD_MATCH = YES;
				CODE_SIGN_IDENTITY = "iPhone Developer";
				COPY_PHASE_STRIP = NO;
				DEBUG_INFORMATION_FORMAT = "dwarf-with-dsym";
				ENABLE_NS_ASSERTIONS = NO;
				ENABLE_STRICT_OBJC_MSGSEND = YES;
				GCC_C_LANGUAGE_STANDARD = gnu11;
				GCC_NO_COMMON_BLOCKS = YES;
				GCC_WARN_64_TO_32_BIT_CONVERSION = YES;
				GCC_WARN_ABOUT_RETURN_TYPE = YES_ERROR;
				GCC_WARN_UNDECLARED_SELECTOR = YES;
				GCC_WARN_UNINITIALIZED_AUTOS = YES_AGGRESSIVE;
				GCC_WARN_UNUSED_FUNCTION = YES;
				GCC_WARN_UNUSED_VARIABLE = YES;
				IPHONEOS_DEPLOYMENT_TARGET = 12.1;
				MTL_ENABLE_DEBUG_INFO = NO;
				MTL_FAST_MATH = YES;
				SDKROOT = iphoneos;
				SWIFT_COMPILATION_MODE = wholemodule;
				SWIFT_OPTIMIZATION_LEVEL = "-O";
				VALIDATE_PRODUCT = YES;
			};
			name = Release;
		};
		FED52D2324E1BE5C00C5606B /* Debug */ = {
			isa = XCBuildConfiguration;
			buildSettings = {
				ASSETCATALOG_COMPILER_APPICON_NAME = AppIcon;
				CODE_SIGN_STYLE = Automatic;
				INFOPLIST_FILE = MemeEditor/Info.plist;
				LD_RUNPATH_SEARCH_PATHS = (
					"$(inherited)",
					"@executable_path/Frameworks",
				);
				PRODUCT_BUNDLE_IDENTIFIER = com.udacity.MemeEditor;
				PRODUCT_NAME = "$(TARGET_NAME)";
				SWIFT_VERSION = 4.2;
				TARGETED_DEVICE_FAMILY = "1,2";
			};
			name = Debug;
		};
		FED52D2424E1BE5C00C5606B /* Release */ = {
			isa = XCBuildConfiguration;
			buildSettings = {
				ASSETCATALOG_COMPILER_APPICON_NAME = AppIcon;
				CODE_SIGN_STYLE = Automatic;
				INFOPLIST_FILE = MemeEditor/Info.plist;
				LD_RUNPATH_SEARCH_PATHS = (
					"$(inherited)",
					"@executable_path/Frameworks",
				);
				PRODUCT_BUNDLE_IDENTIFIER = com.udacity.MemeEditor;
				PRODUCT_NAME = "$(TARGET_NAME)";
				SWIFT_VERSION = 4.2;
				TARGETED_DEVICE_FAMILY = "1,2";
			};
			name = Release;
		};
		FED52D2624E1BE5C00C5606B /* Debug */ = {
			isa = XCBuildConfiguration;
			buildSettings = {
				ALWAYS_EMBED_SWIFT_STANDARD_LIBRARIES = YES;
				BUNDLE_LOADER = "$(TEST_HOST)";
				CODE_SIGN_STYLE = Automatic;
				INFOPLIST_FILE = MemeEditorTests/Info.plist;
				LD_RUNPATH_SEARCH_PATHS = (
					"$(inherited)",
					"@executable_path/Frameworks",
					"@loader_path/Frameworks",
				);
				PRODUCT_BUNDLE_IDENTIFIER = com.udacity.MemeEditorTests;
				PRODUCT_NAME = "$(TARGET_NAME)";
				SWIFT_VERSION = 4.2;
				TARGETED_DEVICE_FAMILY = "1,2";
				TEST_HOST = "$(BUILT_PRODUCTS_DIR)/MemeEditor.app/MemeEditor";
			};
			name = Debug;
		};
		FED52D2724E1BE5C00C5606B /* Release */ = {
			isa = XCBuildConfiguration;
			buildSettings = {
				ALWAYS_EMBED_SWIFT_STANDARD_LIBRARIES = YES;
				BUNDLE_LOADER = "$(TEST_HOST)";
				CODE_SIGN_STYLE = Automatic;
				INFOPLIST_FILE = MemeEditorTests/Info.plist;
				LD_RUNPATH_SEARCH_PATHS = (
					"$(inherited)",
					"@executable_path/Frameworks",
					"@loader_path/Frameworks",
				);
				PRODUCT_BUNDLE_IDENTIFIER = com.udacity.MemeEditorTests;
				PRODUCT_NAME = "$(TARGET_NAME)";
				SWIFT_VERSION = 4.2;
				TARGETED_DEVICE_FAMILY = "1,2";
				TEST_HOST = "$(BUILT_PRODUCTS_DIR)/MemeEditor.app/MemeEditor";
			};
			name = Release;
		};
		FED52D2924E1BE5C00C5606B /* Debug */ = {
			isa = XCBuildConfiguration;
			buildSettings = {
				ALWAYS_EMBED_SWIFT_STANDARD_LIBRARIES = YES;
				CODE_SIGN_STYLE = Automatic;
				INFOPLIST_FILE = MemeEditorUITests/Info.plist;
				LD_RUNPATH_SEARCH_PATHS = (
					"$(inherited)",
					"@executable_path/Frameworks",
					"@loader_path/Frameworks",
				);
				PRODUCT_BUNDLE_IDENTIFIER = com.udacity.MemeEditorUITests;
				PRODUCT_NAME = "$(TARGET_NAME)";
				SWIFT_VERSION = 4.2;
				TARGETED_DEVICE_FAMILY = "1,2";
				TEST_TARGET_NAME = MemeEditor;
			};
			name = Debug;
		};
		FED52D2A24E1BE5C00C5606B /* Release */ = {
			isa = XCBuildConfiguration;
			buildSettings = {
				ALWAYS_EMBED_SWIFT_STANDARD_LIBRARIES = YES;
				CODE_SIGN_STYLE = Automatic;
				INFOPLIST_FILE = MemeEditorUITests/Info.plist;
				LD_RUNPATH_SEARCH_PATHS = (
					"$(inherited)",
					"@executable_path/Frameworks",
					"@loader_path/Frameworks",
				);
				PRODUCT_BUNDLE_IDENTIFIER = com.udacity.MemeEditorUITests;
				PRODUCT_NAME = "$(TARGET_NAME)";
				SWIFT_VERSION = 4.2;
				TARGETED_DEVICE_FAMILY = "1,2";
				TEST_TARGET_NAME = MemeEditor;
			};
			name = Release;
		};
/* End XCBuildConfiguration section */

/* Begin XCConfigurationList section */
		FED52CF224E1BE5A00C5606B /* Build configuration list for PBXProject "MemeEditor" */ = {
			isa = XCConfigurationList;
			buildConfigurations = (
				FED52D2024E1BE5C00C5606B /* Debug */,
				FED52D2124E1BE5C00C5606B /* Release */,
			);
			defaultConfigurationIsVisible = 0;
			defaultConfigurationName = Release;
		};
		FED52D2224E1BE5C00C5606B /* Build configuration list for PBXNativeTarget "MemeEditor" */ = {
			isa = XCConfigurationList;
			buildConfigurations = (
				FED52D2324E1BE5C00C5606B /* Debug */,
				FED52D2424E1BE5C00C5606B /* Release */,
			);
			defaultConfigurationIsVisible = 0;
			defaultConfigurationName = Release;
		};
		FED52D2524E1BE5C00C5606B /* Build configuration list for PBXNativeTarget "MemeEditorTests" */ = {
			isa = XCConfigurationList;
			buildConfigurations = (
				FED52D2624E1BE5C00C5606B /* Debug */,
				FED52D2724E1BE5C00C5606B /* Release */,
			);
			defaultConfigurationIsVisible = 0;
			defaultConfigurationName = Release;
		};
		FED52D2824E1BE5C00C5606B /* Build configuration list for PBXNativeTarget "MemeEditorUITests" */ = {
			isa = XCConfigurationList;
			buildConfigurations = (
				FED52D2924E1BE5C00C5606B /* Debug */,
				FED52D2A24E1BE5C00C5606B /* Release */,
			);
			defaultConfigurationIsVisible = 0;
			defaultConfigurationName = Release;
		};
/* End XCConfigurationList section */

/* Begin XCVersionGroup section */
		FED52D0124E1BE5A00C5606B /* MemeEditor.xcdatamodeld */ = {
			isa = XCVersionGroup;
			children = (
				FED52D0224E1BE5A00C5606B /* MemeEditor.xcdatamodel */,
			);
			currentVersion = FED52D0224E1BE5A00C5606B /* MemeEditor.xcdatamodel */;
			path = MemeEditor.xcdatamodeld;
			sourceTree = "<group>";
			versionGroupType = wrapper.xcdatamodel;
		};
/* End XCVersionGroup section */
	};
	rootObject = FED52CEF24E1BE5A00C5606B /* Project object */;
}
